// !$*UTF8*$!
{
	archiveVersion = 1;
	classes = {
	};
	objectVersion = 51;
	objects = {

/* Begin PBXBuildFile section */
		300696F3271A4EEE00CE6BFD /* Study.storyboard in Resources */ = {isa = PBXBuildFile; fileRef = 300696F2271A4EEE00CE6BFD /* Study.storyboard */; };
		300696F5271A4F0E00CE6BFD /* SetWord.storyboard in Resources */ = {isa = PBXBuildFile; fileRef = 300696F4271A4F0E00CE6BFD /* SetWord.storyboard */; };
		300696F7271A528D00CE6BFD /* StatusBar.swift in Sources */ = {isa = PBXBuildFile; fileRef = 300696F6271A528D00CE6BFD /* StatusBar.swift */; };
		304454DD271D13A20064484D /* FloatingMenu.swift in Sources */ = {isa = PBXBuildFile; fileRef = 304454DC271D13A20064484D /* FloatingMenu.swift */; };
		309F834D2724019A001BCB3F /* Settings.bundle in Resources */ = {isa = PBXBuildFile; fileRef = 309F834C2724019A001BCB3F /* Settings.bundle */; };
		309F83952727EAD2001BCB3F /* Assets.xcassets in Resources */ = {isa = PBXBuildFile; fileRef = 30C5ADA926A6D39800577C77 /* Assets.xcassets */; };
		30C5AD9E26A6D38B00577C77 /* AppDelegate.swift in Sources */ = {isa = PBXBuildFile; fileRef = 30C5AD9D26A6D38B00577C77 /* AppDelegate.swift */; };
		30C5ADA026A6D38B00577C77 /* SceneDelegate.swift in Sources */ = {isa = PBXBuildFile; fileRef = 30C5AD9F26A6D38B00577C77 /* SceneDelegate.swift */; };
		30C5ADA526A6D38C00577C77 /* Main.storyboard in Resources */ = {isa = PBXBuildFile; fileRef = 30C5ADA326A6D38C00577C77 /* Main.storyboard */; };
		30C5ADA826A6D38C00577C77 /* WordStudyApp.xcdatamodeld in Sources */ = {isa = PBXBuildFile; fileRef = 30C5ADA626A6D38C00577C77 /* WordStudyApp.xcdatamodeld */; };
		30C5ADAD26A6D39800577C77 /* LaunchScreen.storyboard in Resources */ = {isa = PBXBuildFile; fileRef = 30C5ADAB26A6D39800577C77 /* LaunchScreen.storyboard */; };
		30C5ADD126A8162700577C77 /* SetWordViewController.swift in Sources */ = {isa = PBXBuildFile; fileRef = 30C5ADD026A8162700577C77 /* SetWordViewController.swift */; };
		30C5ADD326A8166A00577C77 /* StudyViewController.swift in Sources */ = {isa = PBXBuildFile; fileRef = 30C5ADD226A8166A00577C77 /* StudyViewController.swift */; };
		30C5ADD726A8289E00577C77 /* Words.swift in Sources */ = {isa = PBXBuildFile; fileRef = 30C5ADD626A8289E00577C77 /* Words.swift */; };
		3BBB5EEF8674D4E7412854BD /* Pods_WordStudyApp_WordStudyAppUITests.framework in Frameworks */ = {isa = PBXBuildFile; fileRef = 97CF4CB705E168B459A8D7D7 /* Pods_WordStudyApp_WordStudyAppUITests.framework */; };
		4157CC006A242BB7E57BA2EE /* Pods_WordStudyAppTests.framework in Frameworks */ = {isa = PBXBuildFile; fileRef = 02A3CB666F08B69676D4868D /* Pods_WordStudyAppTests.framework */; };
		98C8C8038E53BF9AC33772F1 /* Pods_WordStudyApp.framework in Frameworks */ = {isa = PBXBuildFile; fileRef = 92B589A98335CF4C157B7082 /* Pods_WordStudyApp.framework */; };
/* End PBXBuildFile section */

/* Begin PBXContainerItemProxy section */
		30C5ADB426A6D39900577C77 /* PBXContainerItemProxy */ = {
			isa = PBXContainerItemProxy;
			containerPortal = 30C5AD9226A6D38B00577C77 /* Project object */;
			proxyType = 1;
			remoteGlobalIDString = 30C5AD9926A6D38B00577C77;
			remoteInfo = WordStudyApp;
		};
		30C5ADBF26A6D39900577C77 /* PBXContainerItemProxy */ = {
			isa = PBXContainerItemProxy;
			containerPortal = 30C5AD9226A6D38B00577C77 /* Project object */;
			proxyType = 1;
			remoteGlobalIDString = 30C5AD9926A6D38B00577C77;
			remoteInfo = WordStudyApp;
		};
/* End PBXContainerItemProxy section */

/* Begin PBXFileReference section */
		02A3CB666F08B69676D4868D /* Pods_WordStudyAppTests.framework */ = {isa = PBXFileReference; explicitFileType = wrapper.framework; includeInIndex = 0; path = Pods_WordStudyAppTests.framework; sourceTree = BUILT_PRODUCTS_DIR; };
		295B568F81B9751DD7106B9E /* Pods-WordStudyApp.debug.xcconfig */ = {isa = PBXFileReference; includeInIndex = 1; lastKnownFileType = text.xcconfig; name = "Pods-WordStudyApp.debug.xcconfig"; path = "Target Support Files/Pods-WordStudyApp/Pods-WordStudyApp.debug.xcconfig"; sourceTree = "<group>"; };
		2BACA4B1FE1CCD1276969C35 /* Pods-WordStudyAppTests.release.xcconfig */ = {isa = PBXFileReference; includeInIndex = 1; lastKnownFileType = text.xcconfig; name = "Pods-WordStudyAppTests.release.xcconfig"; path = "Target Support Files/Pods-WordStudyAppTests/Pods-WordStudyAppTests.release.xcconfig"; sourceTree = "<group>"; };
		300696F2271A4EEE00CE6BFD /* Study.storyboard */ = {isa = PBXFileReference; lastKnownFileType = file.storyboard; path = Study.storyboard; sourceTree = "<group>"; };
		300696F4271A4F0E00CE6BFD /* SetWord.storyboard */ = {isa = PBXFileReference; lastKnownFileType = file.storyboard; path = SetWord.storyboard; sourceTree = "<group>"; };
		300696F6271A528D00CE6BFD /* StatusBar.swift */ = {isa = PBXFileReference; lastKnownFileType = sourcecode.swift; path = StatusBar.swift; sourceTree = "<group>"; };
		304454DC271D13A20064484D /* FloatingMenu.swift */ = {isa = PBXFileReference; lastKnownFileType = sourcecode.swift; path = FloatingMenu.swift; sourceTree = "<group>"; };
		309F834C2724019A001BCB3F /* Settings.bundle */ = {isa = PBXFileReference; lastKnownFileType = "wrapper.plug-in"; path = Settings.bundle; sourceTree = "<group>"; };
		30C5AD9A26A6D38B00577C77 /* WordStudyApp.app */ = {isa = PBXFileReference; explicitFileType = wrapper.application; includeInIndex = 0; path = WordStudyApp.app; sourceTree = BUILT_PRODUCTS_DIR; };
		30C5AD9D26A6D38B00577C77 /* AppDelegate.swift */ = {isa = PBXFileReference; lastKnownFileType = sourcecode.swift; path = AppDelegate.swift; sourceTree = "<group>"; };
		30C5AD9F26A6D38B00577C77 /* SceneDelegate.swift */ = {isa = PBXFileReference; lastKnownFileType = sourcecode.swift; path = SceneDelegate.swift; sourceTree = "<group>"; };
		30C5ADA426A6D38C00577C77 /* Base */ = {isa = PBXFileReference; lastKnownFileType = file.storyboard; name = Base; path = Base.lproj/Main.storyboard; sourceTree = "<group>"; };
		30C5ADA726A6D38C00577C77 /* WordStudyApp.xcdatamodel */ = {isa = PBXFileReference; lastKnownFileType = wrapper.xcdatamodel; path = WordStudyApp.xcdatamodel; sourceTree = "<group>"; };
		30C5ADA926A6D39800577C77 /* Assets.xcassets */ = {isa = PBXFileReference; lastKnownFileType = folder.assetcatalog; path = Assets.xcassets; sourceTree = "<group>"; };
		30C5ADAC26A6D39800577C77 /* Base */ = {isa = PBXFileReference; lastKnownFileType = file.storyboard; name = Base; path = Base.lproj/LaunchScreen.storyboard; sourceTree = "<group>"; };
		30C5ADAE26A6D39800577C77 /* Info.plist */ = {isa = PBXFileReference; lastKnownFileType = text.plist.xml; path = Info.plist; sourceTree = "<group>"; };
		30C5ADB326A6D39900577C77 /* WordStudyAppTests.xctest */ = {isa = PBXFileReference; explicitFileType = wrapper.cfbundle; includeInIndex = 0; path = WordStudyAppTests.xctest; sourceTree = BUILT_PRODUCTS_DIR; };
		30C5ADBE26A6D39900577C77 /* WordStudyAppUITests.xctest */ = {isa = PBXFileReference; explicitFileType = wrapper.cfbundle; includeInIndex = 0; path = WordStudyAppUITests.xctest; sourceTree = BUILT_PRODUCTS_DIR; };
		30C5ADD026A8162700577C77 /* SetWordViewController.swift */ = {isa = PBXFileReference; lastKnownFileType = sourcecode.swift; path = SetWordViewController.swift; sourceTree = "<group>"; };
		30C5ADD226A8166A00577C77 /* StudyViewController.swift */ = {isa = PBXFileReference; lastKnownFileType = sourcecode.swift; path = StudyViewController.swift; sourceTree = "<group>"; };
		30C5ADD626A8289E00577C77 /* Words.swift */ = {isa = PBXFileReference; lastKnownFileType = sourcecode.swift; path = Words.swift; sourceTree = "<group>"; };
		447767D05808233D5E3D7B8A /* Pods-WordStudyAppTests.debug.xcconfig */ = {isa = PBXFileReference; includeInIndex = 1; lastKnownFileType = text.xcconfig; name = "Pods-WordStudyAppTests.debug.xcconfig"; path = "Target Support Files/Pods-WordStudyAppTests/Pods-WordStudyAppTests.debug.xcconfig"; sourceTree = "<group>"; };
		92B589A98335CF4C157B7082 /* Pods_WordStudyApp.framework */ = {isa = PBXFileReference; explicitFileType = wrapper.framework; includeInIndex = 0; path = Pods_WordStudyApp.framework; sourceTree = BUILT_PRODUCTS_DIR; };
		97CF4CB705E168B459A8D7D7 /* Pods_WordStudyApp_WordStudyAppUITests.framework */ = {isa = PBXFileReference; explicitFileType = wrapper.framework; includeInIndex = 0; path = Pods_WordStudyApp_WordStudyAppUITests.framework; sourceTree = BUILT_PRODUCTS_DIR; };
		ADEE54435604A5FC764A6289 /* Pods-WordStudyApp-WordStudyAppUITests.debug.xcconfig */ = {isa = PBXFileReference; includeInIndex = 1; lastKnownFileType = text.xcconfig; name = "Pods-WordStudyApp-WordStudyAppUITests.debug.xcconfig"; path = "Target Support Files/Pods-WordStudyApp-WordStudyAppUITests/Pods-WordStudyApp-WordStudyAppUITests.debug.xcconfig"; sourceTree = "<group>"; };
		B19ABD1932936A045D148AB8 /* Pods-WordStudyApp-WordStudyAppUITests.release.xcconfig */ = {isa = PBXFileReference; includeInIndex = 1; lastKnownFileType = text.xcconfig; name = "Pods-WordStudyApp-WordStudyAppUITests.release.xcconfig"; path = "Target Support Files/Pods-WordStudyApp-WordStudyAppUITests/Pods-WordStudyApp-WordStudyAppUITests.release.xcconfig"; sourceTree = "<group>"; };
		E93AFF019F7843FF6D2D7BAE /* Pods-WordStudyApp.release.xcconfig */ = {isa = PBXFileReference; includeInIndex = 1; lastKnownFileType = text.xcconfig; name = "Pods-WordStudyApp.release.xcconfig"; path = "Target Support Files/Pods-WordStudyApp/Pods-WordStudyApp.release.xcconfig"; sourceTree = "<group>"; };
		F3EDD01827B6A2A7007BDAE3 /* Japanese.h */ = {isa = PBXFileReference; lastKnownFileType = sourcecode.c.h; path = Japanese.h; sourceTree = "<group>"; };
/* End PBXFileReference section */

/* Begin PBXFrameworksBuildPhase section */
		30C5AD9726A6D38B00577C77 /* Frameworks */ = {
			isa = PBXFrameworksBuildPhase;
			buildActionMask = 2147483647;
			files = (
				98C8C8038E53BF9AC33772F1 /* Pods_WordStudyApp.framework in Frameworks */,
			);
			runOnlyForDeploymentPostprocessing = 0;
		};
		30C5ADB026A6D39900577C77 /* Frameworks */ = {
			isa = PBXFrameworksBuildPhase;
			buildActionMask = 2147483647;
			files = (
				4157CC006A242BB7E57BA2EE /* Pods_WordStudyAppTests.framework in Frameworks */,
			);
			runOnlyForDeploymentPostprocessing = 0;
		};
		30C5ADBB26A6D39900577C77 /* Frameworks */ = {
			isa = PBXFrameworksBuildPhase;
			buildActionMask = 2147483647;
			files = (
				3BBB5EEF8674D4E7412854BD /* Pods_WordStudyApp_WordStudyAppUITests.framework in Frameworks */,
			);
			runOnlyForDeploymentPostprocessing = 0;
		};
/* End PBXFrameworksBuildPhase section */

/* Begin PBXGroup section */
		1FA5F279B07E4F7130DAD3A3 /* Frameworks */ = {
			isa = PBXGroup;
			children = (
				92B589A98335CF4C157B7082 /* Pods_WordStudyApp.framework */,
				97CF4CB705E168B459A8D7D7 /* Pods_WordStudyApp_WordStudyAppUITests.framework */,
				02A3CB666F08B69676D4868D /* Pods_WordStudyAppTests.framework */,
			);
			name = Frameworks;
			sourceTree = "<group>";
		};
		30C5AD9126A6D38B00577C77 = {
			isa = PBXGroup;
			children = (
				30C5AD9C26A6D38B00577C77 /* WordStudyApp */,
				F3EDD01627B6A160007BDAE3 /* Docs */,
				30C5AD9B26A6D38B00577C77 /* Products */,
				6BDCBFCFF7AAC9BAE9C2AAA3 /* Pods */,
				1FA5F279B07E4F7130DAD3A3 /* Frameworks */,
			);
			sourceTree = "<group>";
		};
		30C5AD9B26A6D38B00577C77 /* Products */ = {
			isa = PBXGroup;
			children = (
				30C5AD9A26A6D38B00577C77 /* WordStudyApp.app */,
				30C5ADB326A6D39900577C77 /* WordStudyAppTests.xctest */,
				30C5ADBE26A6D39900577C77 /* WordStudyAppUITests.xctest */,
			);
			name = Products;
			sourceTree = "<group>";
		};
		30C5AD9C26A6D38B00577C77 /* WordStudyApp */ = {
			isa = PBXGroup;
			children = (
				30C5AD9D26A6D38B00577C77 /* AppDelegate.swift */,
				30C5AD9F26A6D38B00577C77 /* SceneDelegate.swift */,
				300696F4271A4F0E00CE6BFD /* SetWord.storyboard */,
				30C5ADD026A8162700577C77 /* SetWordViewController.swift */,
				300696F2271A4EEE00CE6BFD /* Study.storyboard */,
				30C5ADD226A8166A00577C77 /* StudyViewController.swift */,
				30C5ADA326A6D38C00577C77 /* Main.storyboard */,
				30C5ADD626A8289E00577C77 /* Words.swift */,
				300696F6271A528D00CE6BFD /* StatusBar.swift */,
				304454DC271D13A20064484D /* FloatingMenu.swift */,
				30C5ADA926A6D39800577C77 /* Assets.xcassets */,
				30C5ADAB26A6D39800577C77 /* LaunchScreen.storyboard */,
				30C5ADAE26A6D39800577C77 /* Info.plist */,
				30C5ADA626A6D38C00577C77 /* WordStudyApp.xcdatamodeld */,
				309F834C2724019A001BCB3F /* Settings.bundle */,
			);
			path = WordStudyApp;
			sourceTree = "<group>";
		};
		6BDCBFCFF7AAC9BAE9C2AAA3 /* Pods */ = {
			isa = PBXGroup;
			children = (
				295B568F81B9751DD7106B9E /* Pods-WordStudyApp.debug.xcconfig */,
				E93AFF019F7843FF6D2D7BAE /* Pods-WordStudyApp.release.xcconfig */,
				ADEE54435604A5FC764A6289 /* Pods-WordStudyApp-WordStudyAppUITests.debug.xcconfig */,
				B19ABD1932936A045D148AB8 /* Pods-WordStudyApp-WordStudyAppUITests.release.xcconfig */,
				447767D05808233D5E3D7B8A /* Pods-WordStudyAppTests.debug.xcconfig */,
				2BACA4B1FE1CCD1276969C35 /* Pods-WordStudyAppTests.release.xcconfig */,
			);
			path = Pods;
			sourceTree = "<group>";
		};
		F3EDD01627B6A160007BDAE3 /* Docs */ = {
			isa = PBXGroup;
			children = (
				F3EDD01727B6A18D007BDAE3 /* PrivacyPolicy */,
			);
			path = Docs;
			sourceTree = "<group>";
		};
		F3EDD01727B6A18D007BDAE3 /* PrivacyPolicy */ = {
			isa = PBXGroup;
			children = (
				F3EDD01827B6A2A7007BDAE3 /* Japanese.h */,
			);
			path = PrivacyPolicy;
			sourceTree = "<group>";
		};
/* End PBXGroup section */

/* Begin PBXNativeTarget section */
		30C5AD9926A6D38B00577C77 /* WordStudyApp */ = {
			isa = PBXNativeTarget;
			buildConfigurationList = 30C5ADC726A6D39900577C77 /* Build configuration list for PBXNativeTarget "WordStudyApp" */;
			buildPhases = (
				5F7107CFE9470ACAF69BEA2F /* [CP] Check Pods Manifest.lock */,
				30C5AD9626A6D38B00577C77 /* Sources */,
				30C5AD9726A6D38B00577C77 /* Frameworks */,
				30C5AD9826A6D38B00577C77 /* Resources */,
				4991FDCEE57E35DF1D0953D3 /* [CP] Embed Pods Frameworks */,
				309F834B272400BE001BCB3F /* ShellScript */,
			);
			buildRules = (
			);
			dependencies = (
			);
			name = WordStudyApp;
			productName = WordStudyApp;
			productReference = 30C5AD9A26A6D38B00577C77 /* WordStudyApp.app */;
			productType = "com.apple.product-type.application";
		};
		30C5ADB226A6D39900577C77 /* WordStudyAppTests */ = {
			isa = PBXNativeTarget;
			buildConfigurationList = 30C5ADCA26A6D39900577C77 /* Build configuration list for PBXNativeTarget "WordStudyAppTests" */;
			buildPhases = (
				27D7B8ED2AFDDBD19EC91287 /* [CP] Check Pods Manifest.lock */,
				30C5ADAF26A6D39900577C77 /* Sources */,
				30C5ADB026A6D39900577C77 /* Frameworks */,
				30C5ADB126A6D39900577C77 /* Resources */,
			);
			buildRules = (
			);
			dependencies = (
				30C5ADB526A6D39900577C77 /* PBXTargetDependency */,
			);
			name = WordStudyAppTests;
			productName = WordStudyAppTests;
			productReference = 30C5ADB326A6D39900577C77 /* WordStudyAppTests.xctest */;
			productType = "com.apple.product-type.bundle.unit-test";
		};
		30C5ADBD26A6D39900577C77 /* WordStudyAppUITests */ = {
			isa = PBXNativeTarget;
			buildConfigurationList = 30C5ADCD26A6D39900577C77 /* Build configuration list for PBXNativeTarget "WordStudyAppUITests" */;
			buildPhases = (
				F51E079CA7B30A0FE0B82A0B /* [CP] Check Pods Manifest.lock */,
				30C5ADBA26A6D39900577C77 /* Sources */,
				30C5ADBB26A6D39900577C77 /* Frameworks */,
				30C5ADBC26A6D39900577C77 /* Resources */,
				F17839D17D91419CA65F935E /* [CP] Embed Pods Frameworks */,
			);
			buildRules = (
			);
			dependencies = (
				30C5ADC026A6D39900577C77 /* PBXTargetDependency */,
			);
			name = WordStudyAppUITests;
			productName = WordStudyAppUITests;
			productReference = 30C5ADBE26A6D39900577C77 /* WordStudyAppUITests.xctest */;
			productType = "com.apple.product-type.bundle.ui-testing";
		};
/* End PBXNativeTarget section */

/* Begin PBXProject section */
		30C5AD9226A6D38B00577C77 /* Project object */ = {
			isa = PBXProject;
			attributes = {
				LastSwiftUpdateCheck = 1250;
				LastUpgradeCheck = 1250;
				TargetAttributes = {
					30C5AD9926A6D38B00577C77 = {
						CreatedOnToolsVersion = 12.5.1;
					};
					30C5ADB226A6D39900577C77 = {
						CreatedOnToolsVersion = 12.5.1;
						TestTargetID = 30C5AD9926A6D38B00577C77;
					};
					30C5ADBD26A6D39900577C77 = {
						CreatedOnToolsVersion = 12.5.1;
						TestTargetID = 30C5AD9926A6D38B00577C77;
					};
				};
			};
			buildConfigurationList = 30C5AD9526A6D38B00577C77 /* Build configuration list for PBXProject "WordStudyApp" */;
			compatibilityVersion = "Xcode 9.3";
			developmentRegion = en;
			hasScannedForEncodings = 0;
			knownRegions = (
				en,
				Base,
			);
			mainGroup = 30C5AD9126A6D38B00577C77;
			productRefGroup = 30C5AD9B26A6D38B00577C77 /* Products */;
			projectDirPath = "";
			projectRoot = "";
			targets = (
				30C5AD9926A6D38B00577C77 /* WordStudyApp */,
				30C5ADB226A6D39900577C77 /* WordStudyAppTests */,
				30C5ADBD26A6D39900577C77 /* WordStudyAppUITests */,
			);
		};
/* End PBXProject section */

/* Begin PBXResourcesBuildPhase section */
		30C5AD9826A6D38B00577C77 /* Resources */ = {
			isa = PBXResourcesBuildPhase;
			buildActionMask = 2147483647;
			files = (
				300696F3271A4EEE00CE6BFD /* Study.storyboard in Resources */,
				30C5ADAD26A6D39800577C77 /* LaunchScreen.storyboard in Resources */,
				30C5ADA526A6D38C00577C77 /* Main.storyboard in Resources */,
				309F834D2724019A001BCB3F /* Settings.bundle in Resources */,
				309F83952727EAD2001BCB3F /* Assets.xcassets in Resources */,
				300696F5271A4F0E00CE6BFD /* SetWord.storyboard in Resources */,
			);
			runOnlyForDeploymentPostprocessing = 0;
		};
		30C5ADB126A6D39900577C77 /* Resources */ = {
			isa = PBXResourcesBuildPhase;
			buildActionMask = 2147483647;
			files = (
			);
			runOnlyForDeploymentPostprocessing = 0;
		};
		30C5ADBC26A6D39900577C77 /* Resources */ = {
			isa = PBXResourcesBuildPhase;
			buildActionMask = 2147483647;
			files = (
			);
			runOnlyForDeploymentPostprocessing = 0;
		};
/* End PBXResourcesBuildPhase section */

/* Begin PBXShellScriptBuildPhase section */
		27D7B8ED2AFDDBD19EC91287 /* [CP] Check Pods Manifest.lock */ = {
			isa = PBXShellScriptBuildPhase;
			buildActionMask = 2147483647;
			files = (
			);
			inputFileListPaths = (
			);
			inputPaths = (
				"${PODS_PODFILE_DIR_PATH}/Podfile.lock",
				"${PODS_ROOT}/Manifest.lock",
			);
			name = "[CP] Check Pods Manifest.lock";
			outputFileListPaths = (
			);
			outputPaths = (
				"$(DERIVED_FILE_DIR)/Pods-WordStudyAppTests-checkManifestLockResult.txt",
			);
			runOnlyForDeploymentPostprocessing = 0;
			shellPath = /bin/sh;
			shellScript = "diff \"${PODS_PODFILE_DIR_PATH}/Podfile.lock\" \"${PODS_ROOT}/Manifest.lock\" > /dev/null\nif [ $? != 0 ] ; then\n    # print error to STDERR\n    echo \"error: The sandbox is not in sync with the Podfile.lock. Run 'pod install' or update your CocoaPods installation.\" >&2\n    exit 1\nfi\n# This output is used by Xcode 'outputs' to avoid re-running this script phase.\necho \"SUCCESS\" > \"${SCRIPT_OUTPUT_FILE_0}\"\n";
			showEnvVarsInLog = 0;
		};
		309F834B272400BE001BCB3F /* ShellScript */ = {
			isa = PBXShellScriptBuildPhase;
			buildActionMask = 2147483647;
			files = (
			);
			inputFileListPaths = (
			);
			inputPaths = (
			);
			outputFileListPaths = (
			);
			outputPaths = (
			);
			runOnlyForDeploymentPostprocessing = 0;
			shellPath = /bin/sh;
			shellScript = "# Type a script or drag a script file from your workspace to insert its path.\nif [ $CONFIGURATION = \"Debug\" ]; then\n    ${PODS_ROOT}/LicensePlist/license-plist --output-path $PROJECT_NAME/Settings.bundle\nfi\n";
		};
		4991FDCEE57E35DF1D0953D3 /* [CP] Embed Pods Frameworks */ = {
			isa = PBXShellScriptBuildPhase;
			buildActionMask = 2147483647;
			files = (
			);
			inputFileListPaths = (
				"${PODS_ROOT}/Target Support Files/Pods-WordStudyApp/Pods-WordStudyApp-frameworks-${CONFIGURATION}-input-files.xcfilelist",
			);
			name = "[CP] Embed Pods Frameworks";
			outputFileListPaths = (
				"${PODS_ROOT}/Target Support Files/Pods-WordStudyApp/Pods-WordStudyApp-frameworks-${CONFIGURATION}-output-files.xcfilelist",
			);
			runOnlyForDeploymentPostprocessing = 0;
			shellPath = /bin/sh;
			shellScript = "\"${PODS_ROOT}/Target Support Files/Pods-WordStudyApp/Pods-WordStudyApp-frameworks.sh\"\n";
			showEnvVarsInLog = 0;
		};
		5F7107CFE9470ACAF69BEA2F /* [CP] Check Pods Manifest.lock */ = {
			isa = PBXShellScriptBuildPhase;
			buildActionMask = 2147483647;
			files = (
			);
			inputFileListPaths = (
			);
			inputPaths = (
				"${PODS_PODFILE_DIR_PATH}/Podfile.lock",
				"${PODS_ROOT}/Manifest.lock",
			);
			name = "[CP] Check Pods Manifest.lock";
			outputFileListPaths = (
			);
			outputPaths = (
				"$(DERIVED_FILE_DIR)/Pods-WordStudyApp-checkManifestLockResult.txt",
			);
			runOnlyForDeploymentPostprocessing = 0;
			shellPath = /bin/sh;
			shellScript = "diff \"${PODS_PODFILE_DIR_PATH}/Podfile.lock\" \"${PODS_ROOT}/Manifest.lock\" > /dev/null\nif [ $? != 0 ] ; then\n    # print error to STDERR\n    echo \"error: The sandbox is not in sync with the Podfile.lock. Run 'pod install' or update your CocoaPods installation.\" >&2\n    exit 1\nfi\n# This output is used by Xcode 'outputs' to avoid re-running this script phase.\necho \"SUCCESS\" > \"${SCRIPT_OUTPUT_FILE_0}\"\n";
			showEnvVarsInLog = 0;
		};
		F17839D17D91419CA65F935E /* [CP] Embed Pods Frameworks */ = {
			isa = PBXShellScriptBuildPhase;
			buildActionMask = 2147483647;
			files = (
			);
			inputFileListPaths = (
				"${PODS_ROOT}/Target Support Files/Pods-WordStudyApp-WordStudyAppUITests/Pods-WordStudyApp-WordStudyAppUITests-frameworks-${CONFIGURATION}-input-files.xcfilelist",
			);
			name = "[CP] Embed Pods Frameworks";
			outputFileListPaths = (
				"${PODS_ROOT}/Target Support Files/Pods-WordStudyApp-WordStudyAppUITests/Pods-WordStudyApp-WordStudyAppUITests-frameworks-${CONFIGURATION}-output-files.xcfilelist",
			);
			runOnlyForDeploymentPostprocessing = 0;
			shellPath = /bin/sh;
			shellScript = "\"${PODS_ROOT}/Target Support Files/Pods-WordStudyApp-WordStudyAppUITests/Pods-WordStudyApp-WordStudyAppUITests-frameworks.sh\"\n";
			showEnvVarsInLog = 0;
		};
		F51E079CA7B30A0FE0B82A0B /* [CP] Check Pods Manifest.lock */ = {
			isa = PBXShellScriptBuildPhase;
			buildActionMask = 2147483647;
			files = (
			);
			inputFileListPaths = (
			);
			inputPaths = (
				"${PODS_PODFILE_DIR_PATH}/Podfile.lock",
				"${PODS_ROOT}/Manifest.lock",
			);
			name = "[CP] Check Pods Manifest.lock";
			outputFileListPaths = (
			);
			outputPaths = (
				"$(DERIVED_FILE_DIR)/Pods-WordStudyApp-WordStudyAppUITests-checkManifestLockResult.txt",
			);
			runOnlyForDeploymentPostprocessing = 0;
			shellPath = /bin/sh;
			shellScript = "diff \"${PODS_PODFILE_DIR_PATH}/Podfile.lock\" \"${PODS_ROOT}/Manifest.lock\" > /dev/null\nif [ $? != 0 ] ; then\n    # print error to STDERR\n    echo \"error: The sandbox is not in sync with the Podfile.lock. Run 'pod install' or update your CocoaPods installation.\" >&2\n    exit 1\nfi\n# This output is used by Xcode 'outputs' to avoid re-running this script phase.\necho \"SUCCESS\" > \"${SCRIPT_OUTPUT_FILE_0}\"\n";
			showEnvVarsInLog = 0;
		};
/* End PBXShellScriptBuildPhase section */

/* Begin PBXSourcesBuildPhase section */
		30C5AD9626A6D38B00577C77 /* Sources */ = {
			isa = PBXSourcesBuildPhase;
			buildActionMask = 2147483647;
			files = (
				300696F7271A528D00CE6BFD /* StatusBar.swift in Sources */,
				30C5ADD326A8166A00577C77 /* StudyViewController.swift in Sources */,
				30C5AD9E26A6D38B00577C77 /* AppDelegate.swift in Sources */,
				30C5ADD126A8162700577C77 /* SetWordViewController.swift in Sources */,
				30C5ADD726A8289E00577C77 /* Words.swift in Sources */,
				30C5ADA026A6D38B00577C77 /* SceneDelegate.swift in Sources */,
				304454DD271D13A20064484D /* FloatingMenu.swift in Sources */,
				30C5ADA826A6D38C00577C77 /* WordStudyApp.xcdatamodeld in Sources */,
			);
			runOnlyForDeploymentPostprocessing = 0;
		};
		30C5ADAF26A6D39900577C77 /* Sources */ = {
			isa = PBXSourcesBuildPhase;
			buildActionMask = 2147483647;
			files = (
			);
			runOnlyForDeploymentPostprocessing = 0;
		};
		30C5ADBA26A6D39900577C77 /* Sources */ = {
			isa = PBXSourcesBuildPhase;
			buildActionMask = 2147483647;
			files = (
			);
			runOnlyForDeploymentPostprocessing = 0;
		};
/* End PBXSourcesBuildPhase section */

/* Begin PBXTargetDependency section */
		30C5ADB526A6D39900577C77 /* PBXTargetDependency */ = {
			isa = PBXTargetDependency;
			target = 30C5AD9926A6D38B00577C77 /* WordStudyApp */;
			targetProxy = 30C5ADB426A6D39900577C77 /* PBXContainerItemProxy */;
		};
		30C5ADC026A6D39900577C77 /* PBXTargetDependency */ = {
			isa = PBXTargetDependency;
			target = 30C5AD9926A6D38B00577C77 /* WordStudyApp */;
			targetProxy = 30C5ADBF26A6D39900577C77 /* PBXContainerItemProxy */;
		};
/* End PBXTargetDependency section */

/* Begin PBXVariantGroup section */
		30C5ADA326A6D38C00577C77 /* Main.storyboard */ = {
			isa = PBXVariantGroup;
			children = (
				30C5ADA426A6D38C00577C77 /* Base */,
			);
			name = Main.storyboard;
			sourceTree = "<group>";
		};
		30C5ADAB26A6D39800577C77 /* LaunchScreen.storyboard */ = {
			isa = PBXVariantGroup;
			children = (
				30C5ADAC26A6D39800577C77 /* Base */,
			);
			name = LaunchScreen.storyboard;
			sourceTree = "<group>";
		};
/* End PBXVariantGroup section */

/* Begin XCBuildConfiguration section */
		30C5ADC526A6D39900577C77 /* Debug */ = {
			isa = XCBuildConfiguration;
			buildSettings = {
				ALWAYS_SEARCH_USER_PATHS = NO;
				CLANG_ANALYZER_NONNULL = YES;
				CLANG_ANALYZER_NUMBER_OBJECT_CONVERSION = YES_AGGRESSIVE;
				CLANG_CXX_LANGUAGE_STANDARD = "gnu++14";
				CLANG_CXX_LIBRARY = "libc++";
				CLANG_ENABLE_MODULES = YES;
				CLANG_ENABLE_OBJC_ARC = YES;
				CLANG_ENABLE_OBJC_WEAK = YES;
				CLANG_WARN_BLOCK_CAPTURE_AUTORELEASING = YES;
				CLANG_WARN_BOOL_CONVERSION = YES;
				CLANG_WARN_COMMA = YES;
				CLANG_WARN_CONSTANT_CONVERSION = YES;
				CLANG_WARN_DEPRECATED_OBJC_IMPLEMENTATIONS = YES;
				CLANG_WARN_DIRECT_OBJC_ISA_USAGE = YES_ERROR;
				CLANG_WARN_DOCUMENTATION_COMMENTS = YES;
				CLANG_WARN_EMPTY_BODY = YES;
				CLANG_WARN_ENUM_CONVERSION = YES;
				CLANG_WARN_INFINITE_RECURSION = YES;
				CLANG_WARN_INT_CONVERSION = YES;
				CLANG_WARN_NON_LITERAL_NULL_CONVERSION = YES;
				CLANG_WARN_OBJC_IMPLICIT_RETAIN_SELF = YES;
				CLANG_WARN_OBJC_LITERAL_CONVERSION = YES;
				CLANG_WARN_OBJC_ROOT_CLASS = YES_ERROR;
				CLANG_WARN_QUOTED_INCLUDE_IN_FRAMEWORK_HEADER = YES;
				CLANG_WARN_RANGE_LOOP_ANALYSIS = YES;
				CLANG_WARN_STRICT_PROTOTYPES = YES;
				CLANG_WARN_SUSPICIOUS_MOVE = YES;
				CLANG_WARN_UNGUARDED_AVAILABILITY = YES_AGGRESSIVE;
				CLANG_WARN_UNREACHABLE_CODE = YES;
				CLANG_WARN__DUPLICATE_METHOD_MATCH = YES;
				COPY_PHASE_STRIP = NO;
				DEBUG_INFORMATION_FORMAT = dwarf;
				ENABLE_STRICT_OBJC_MSGSEND = YES;
				ENABLE_TESTABILITY = YES;
				GCC_C_LANGUAGE_STANDARD = gnu11;
				GCC_DYNAMIC_NO_PIC = NO;
				GCC_NO_COMMON_BLOCKS = YES;
				GCC_OPTIMIZATION_LEVEL = 0;
				GCC_PREPROCESSOR_DEFINITIONS = (
					"DEBUG=1",
					"$(inherited)",
				);
				GCC_WARN_64_TO_32_BIT_CONVERSION = YES;
				GCC_WARN_ABOUT_RETURN_TYPE = YES_ERROR;
				GCC_WARN_UNDECLARED_SELECTOR = YES;
				GCC_WARN_UNINITIALIZED_AUTOS = YES_AGGRESSIVE;
				GCC_WARN_UNUSED_FUNCTION = YES;
				GCC_WARN_UNUSED_VARIABLE = YES;
				IPHONEOS_DEPLOYMENT_TARGET = 14.5;
				MTL_ENABLE_DEBUG_INFO = INCLUDE_SOURCE;
				MTL_FAST_MATH = YES;
				ONLY_ACTIVE_ARCH = YES;
				SDKROOT = iphoneos;
				SWIFT_ACTIVE_COMPILATION_CONDITIONS = DEBUG;
				SWIFT_OPTIMIZATION_LEVEL = "-Onone";
				TARGETED_DEVICE_FAMILY = "1,2";
			};
			name = Debug;
		};
		30C5ADC626A6D39900577C77 /* Release */ = {
			isa = XCBuildConfiguration;
			buildSettings = {
				ALWAYS_SEARCH_USER_PATHS = NO;
				CLANG_ANALYZER_NONNULL = YES;
				CLANG_ANALYZER_NUMBER_OBJECT_CONVERSION = YES_AGGRESSIVE;
				CLANG_CXX_LANGUAGE_STANDARD = "gnu++14";
				CLANG_CXX_LIBRARY = "libc++";
				CLANG_ENABLE_MODULES = YES;
				CLANG_ENABLE_OBJC_ARC = YES;
				CLANG_ENABLE_OBJC_WEAK = YES;
				CLANG_WARN_BLOCK_CAPTURE_AUTORELEASING = YES;
				CLANG_WARN_BOOL_CONVERSION = YES;
				CLANG_WARN_COMMA = YES;
				CLANG_WARN_CONSTANT_CONVERSION = YES;
				CLANG_WARN_DEPRECATED_OBJC_IMPLEMENTATIONS = YES;
				CLANG_WARN_DIRECT_OBJC_ISA_USAGE = YES_ERROR;
				CLANG_WARN_DOCUMENTATION_COMMENTS = YES;
				CLANG_WARN_EMPTY_BODY = YES;
				CLANG_WARN_ENUM_CONVERSION = YES;
				CLANG_WARN_INFINITE_RECURSION = YES;
				CLANG_WARN_INT_CONVERSION = YES;
				CLANG_WARN_NON_LITERAL_NULL_CONVERSION = YES;
				CLANG_WARN_OBJC_IMPLICIT_RETAIN_SELF = YES;
				CLANG_WARN_OBJC_LITERAL_CONVERSION = YES;
				CLANG_WARN_OBJC_ROOT_CLASS = YES_ERROR;
				CLANG_WARN_QUOTED_INCLUDE_IN_FRAMEWORK_HEADER = YES;
				CLANG_WARN_RANGE_LOOP_ANALYSIS = YES;
				CLANG_WARN_STRICT_PROTOTYPES = YES;
				CLANG_WARN_SUSPICIOUS_MOVE = YES;
				CLANG_WARN_UNGUARDED_AVAILABILITY = YES_AGGRESSIVE;
				CLANG_WARN_UNREACHABLE_CODE = YES;
				CLANG_WARN__DUPLICATE_METHOD_MATCH = YES;
				COPY_PHASE_STRIP = NO;
				DEBUG_INFORMATION_FORMAT = "dwarf-with-dsym";
				ENABLE_NS_ASSERTIONS = NO;
				ENABLE_STRICT_OBJC_MSGSEND = YES;
				GCC_C_LANGUAGE_STANDARD = gnu11;
				GCC_NO_COMMON_BLOCKS = YES;
				GCC_WARN_64_TO_32_BIT_CONVERSION = YES;
				GCC_WARN_ABOUT_RETURN_TYPE = YES_ERROR;
				GCC_WARN_UNDECLARED_SELECTOR = YES;
				GCC_WARN_UNINITIALIZED_AUTOS = YES_AGGRESSIVE;
				GCC_WARN_UNUSED_FUNCTION = YES;
				GCC_WARN_UNUSED_VARIABLE = YES;
				IPHONEOS_DEPLOYMENT_TARGET = 14.5;
				MTL_ENABLE_DEBUG_INFO = NO;
				MTL_FAST_MATH = YES;
				SDKROOT = iphoneos;
				SWIFT_COMPILATION_MODE = wholemodule;
				SWIFT_OPTIMIZATION_LEVEL = "-O";
				TARGETED_DEVICE_FAMILY = "1,2";
				VALIDATE_PRODUCT = YES;
			};
			name = Release;
		};
		30C5ADC826A6D39900577C77 /* Debug */ = {
			isa = XCBuildConfiguration;
			baseConfigurationReference = 295B568F81B9751DD7106B9E /* Pods-WordStudyApp.debug.xcconfig */;
			buildSettings = {
				ASSETCATALOG_COMPILER_APPICON_NAME = AppIcon;
				ASSETCATALOG_COMPILER_GLOBAL_ACCENT_COLOR_NAME = AccentColor;
				CODE_SIGN_IDENTITY = "Apple Development";
				CODE_SIGN_STYLE = Automatic;
				CURRENT_PROJECT_VERSION = 1.0.1;
				DEVELOPMENT_TEAM = WU2QLL3F9F;
				INFOPLIST_FILE = WordStudyApp/Info.plist;
				LD_RUNPATH_SEARCH_PATHS = (
					"$(inherited)",
					"@executable_path/Frameworks",
				);
				MARKETING_VERSION = 1.0.1;
				PRODUCT_BUNDLE_IDENTIFIER = com.yasu.WordStudyApp;
				PRODUCT_NAME = "$(TARGET_NAME)";
				PROVISIONING_PROFILE_SPECIFIER = "";
				SWIFT_VERSION = 5.0;
				TARGETED_DEVICE_FAMILY = 1;
			};
			name = Debug;
		};
		30C5ADC926A6D39900577C77 /* Release */ = {
			isa = XCBuildConfiguration;
			baseConfigurationReference = E93AFF019F7843FF6D2D7BAE /* Pods-WordStudyApp.release.xcconfig */;
			buildSettings = {
				ASSETCATALOG_COMPILER_APPICON_NAME = AppIcon;
				ASSETCATALOG_COMPILER_GLOBAL_ACCENT_COLOR_NAME = AccentColor;
				CODE_SIGN_IDENTITY = "Apple Development";
				CODE_SIGN_STYLE = Automatic;
				CURRENT_PROJECT_VERSION = 1.0.1;
				DEVELOPMENT_TEAM = WU2QLL3F9F;
				INFOPLIST_FILE = WordStudyApp/Info.plist;
				LD_RUNPATH_SEARCH_PATHS = (
					"$(inherited)",
					"@executable_path/Frameworks",
				);
				MARKETING_VERSION = 1.0.1;
				PRODUCT_BUNDLE_IDENTIFIER = com.yasu.WordStudyApp;
				PRODUCT_NAME = "$(TARGET_NAME)";
				PROVISIONING_PROFILE_SPECIFIER = "";
				SWIFT_VERSION = 5.0;
				TARGETED_DEVICE_FAMILY = 1;
			};
			name = Release;
		};
		30C5ADCB26A6D39900577C77 /* Debug */ = {
			isa = XCBuildConfiguration;
			baseConfigurationReference = 447767D05808233D5E3D7B8A /* Pods-WordStudyAppTests.debug.xcconfig */;
			buildSettings = {
				ALWAYS_EMBED_SWIFT_STANDARD_LIBRARIES = YES;
				BUNDLE_LOADER = "$(TEST_HOST)";
				CODE_SIGN_STYLE = Automatic;
				DEVELOPMENT_TEAM = Y98YPQ3FW3;
				INFOPLIST_FILE = WordStudyAppTests/Info.plist;
				IPHONEOS_DEPLOYMENT_TARGET = 14.5;
				LD_RUNPATH_SEARCH_PATHS = (
					"$(inherited)",
					"@executable_path/Frameworks",
					"@loader_path/Frameworks",
				);
				PRODUCT_BUNDLE_IDENTIFIER = com.yasu.WordStudyAppTests;
				PRODUCT_NAME = "$(TARGET_NAME)";
				SWIFT_VERSION = 5.0;
				TARGETED_DEVICE_FAMILY = "1,2";
				TEST_HOST = "$(BUILT_PRODUCTS_DIR)/WordStudyApp.app/WordStudyApp";
			};
			name = Debug;
		};
		30C5ADCC26A6D39900577C77 /* Release */ = {
			isa = XCBuildConfiguration;
			baseConfigurationReference = 2BACA4B1FE1CCD1276969C35 /* Pods-WordStudyAppTests.release.xcconfig */;
			buildSettings = {
				ALWAYS_EMBED_SWIFT_STANDARD_LIBRARIES = YES;
				BUNDLE_LOADER = "$(TEST_HOST)";
				CODE_SIGN_STYLE = Automatic;
				DEVELOPMENT_TEAM = Y98YPQ3FW3;
				INFOPLIST_FILE = WordStudyAppTests/Info.plist;
				IPHONEOS_DEPLOYMENT_TARGET = 14.5;
				LD_RUNPATH_SEARCH_PATHS = (
					"$(inherited)",
					"@executable_path/Frameworks",
					"@loader_path/Frameworks",
				);
				PRODUCT_BUNDLE_IDENTIFIER = com.yasu.WordStudyAppTests;
				PRODUCT_NAME = "$(TARGET_NAME)";
				SWIFT_VERSION = 5.0;
				TARGETED_DEVICE_FAMILY = "1,2";
				TEST_HOST = "$(BUILT_PRODUCTS_DIR)/WordStudyApp.app/WordStudyApp";
			};
			name = Release;
		};
		30C5ADCE26A6D39900577C77 /* Debug */ = {
			isa = XCBuildConfiguration;
			baseConfigurationReference = ADEE54435604A5FC764A6289 /* Pods-WordStudyApp-WordStudyAppUITests.debug.xcconfig */;
			buildSettings = {
				ALWAYS_EMBED_SWIFT_STANDARD_LIBRARIES = YES;
				CODE_SIGN_STYLE = Automatic;
				DEVELOPMENT_TEAM = Y98YPQ3FW3;
				INFOPLIST_FILE = WordStudyAppUITests/Info.plist;
				LD_RUNPATH_SEARCH_PATHS = (
					"$(inherited)",
					"@executable_path/Frameworks",
					"@loader_path/Frameworks",
				);
				PRODUCT_BUNDLE_IDENTIFIER = com.yasu.WordStudyAppUITests;
				PRODUCT_NAME = "$(TARGET_NAME)";
				SWIFT_VERSION = 5.0;
				TARGETED_DEVICE_FAMILY = "1,2";
				TEST_TARGET_NAME = WordStudyApp;
			};
			name = Debug;
		};
		30C5ADCF26A6D39900577C77 /* Release */ = {
			isa = XCBuildConfiguration;
			baseConfigurationReference = B19ABD1932936A045D148AB8 /* Pods-WordStudyApp-WordStudyAppUITests.release.xcconfig */;
			buildSettings = {
				ALWAYS_EMBED_SWIFT_STANDARD_LIBRARIES = YES;
				CODE_SIGN_STYLE = Automatic;
				DEVELOPMENT_TEAM = Y98YPQ3FW3;
				INFOPLIST_FILE = WordStudyAppUITests/Info.plist;
				LD_RUNPATH_SEARCH_PATHS = (
					"$(inherited)",
					"@executable_path/Frameworks",
					"@loader_path/Frameworks",
				);
				PRODUCT_BUNDLE_IDENTIFIER = com.yasu.WordStudyAppUITests;
				PRODUCT_NAME = "$(TARGET_NAME)";
				SWIFT_VERSION = 5.0;
				TARGETED_DEVICE_FAMILY = "1,2";
				TEST_TARGET_NAME = WordStudyApp;
			};
			name = Release;
		};
/* End XCBuildConfiguration section */

/* Begin XCConfigurationList section */
		30C5AD9526A6D38B00577C77 /* Build configuration list for PBXProject "WordStudyApp" */ = {
			isa = XCConfigurationList;
			buildConfigurations = (
				30C5ADC526A6D39900577C77 /* Debug */,
				30C5ADC626A6D39900577C77 /* Release */,
			);
			defaultConfigurationIsVisible = 0;
			defaultConfigurationName = Release;
		};
		30C5ADC726A6D39900577C77 /* Build configuration list for PBXNativeTarget "WordStudyApp" */ = {
			isa = XCConfigurationList;
			buildConfigurations = (
				30C5ADC826A6D39900577C77 /* Debug */,
				30C5ADC926A6D39900577C77 /* Release */,
			);
			defaultConfigurationIsVisible = 0;
			defaultConfigurationName = Release;
		};
		30C5ADCA26A6D39900577C77 /* Build configuration list for PBXNativeTarget "WordStudyAppTests" */ = {
			isa = XCConfigurationList;
			buildConfigurations = (
				30C5ADCB26A6D39900577C77 /* Debug */,
				30C5ADCC26A6D39900577C77 /* Release */,
			);
			defaultConfigurationIsVisible = 0;
			defaultConfigurationName = Release;
		};
		30C5ADCD26A6D39900577C77 /* Build configuration list for PBXNativeTarget "WordStudyAppUITests" */ = {
			isa = XCConfigurationList;
			buildConfigurations = (
				30C5ADCE26A6D39900577C77 /* Debug */,
				30C5ADCF26A6D39900577C77 /* Release */,
			);
			defaultConfigurationIsVisible = 0;
			defaultConfigurationName = Release;
		};
/* End XCConfigurationList section */

/* Begin XCVersionGroup section */
		30C5ADA626A6D38C00577C77 /* WordStudyApp.xcdatamodeld */ = {
			isa = XCVersionGroup;
			children = (
				30C5ADA726A6D38C00577C77 /* WordStudyApp.xcdatamodel */,
			);
			currentVersion = 30C5ADA726A6D38C00577C77 /* WordStudyApp.xcdatamodel */;
			path = WordStudyApp.xcdatamodeld;
			sourceTree = "<group>";
			versionGroupType = wrapper.xcdatamodel;
		};
/* End XCVersionGroup section */
	};
	rootObject = 30C5AD9226A6D38B00577C77 /* Project object */;
}
